
Microsoft Visual Studio Solution File, Format Version 12.00
# Visual Studio 15
VisualStudioVersion = 15.0.27130.2010
MinimumVisualStudioVersion = 10.0.40219.1
Project("{FAE04EC0-301F-11D3-BF4B-00C04F79EFBC}") = "FirstPro", "FirstPro\FirstPro.csproj", "{F02CBC4C-DBE2-445E-9F23-5160E3BFE9A6}"
EndProject
Global
	GlobalSection(SolutionConfigurationPlatforms) = preSolution
		Debug|Any CPU = Debug|Any CPU
		Release|Any CPU = Release|Any CPU
	EndGlobalSection
	GlobalSection(ProjectConfigurationPlatforms) = postSolution
		{F02CBC4C-DBE2-445E-9F23-5160E3BFE9A6}.Debug|Any CPU.ActiveCfg = Debug|Any CPU
		{F02CBC4C-DBE2-445E-9F23-5160E3BFE9A6}.Debug|Any CPU.Build.0 = Debug|Any CPU
		{F02CBC4C-DBE2-445E-9F23-5160E3BFE9A6}.Release|Any CPU.ActiveCfg = Release|Any CPU
		{F02CBC4C-DBE2-445E-9F23-5160E3BFE9A6}.Release|Any CPU.Build.0 = Release|Any CPU
	EndGlobalSection
	GlobalSection(SolutionProperties) = preSolution
		HideSolutionNode = FALSE
	EndGlobalSection
	GlobalSection(ExtensibilityGlobals) = postSolution
		SolutionGuid = {3E804958-3F15-4175-A05B-2985B36FEF13}
	EndGlobalSection
EndGlobal
